
Microsoft Visual Studio Solution File, Format Version 12.00
# Visual Studio 15
VisualStudioVersion = 15.0.28307.1525
MinimumVisualStudioVersion = 10.0.40219.1
Project("{8BC9CEB8-8B4A-11D0-8D11-00A0C91BC942}") = "test_2021.6.29", "test_2021.6.29\test_2021.6.29.vcxproj", "{EE816E51-7532-4D00-AD84-6B25734BAB34}"
EndProject
Global
	GlobalSection(SolutionConfigurationPlatforms) = preSolution
		Debug|x64 = Debug|x64
		Debug|x86 = Debug|x86
		Release|x64 = Release|x64
		Release|x86 = Release|x86
	EndGlobalSection
	GlobalSection(ProjectConfigurationPlatforms) = postSolution
		{EE816E51-7532-4D00-AD84-6B25734BAB34}.Debug|x64.ActiveCfg = Debug|x64
		{EE816E51-7532-4D00-AD84-6B25734BAB34}.Debug|x64.Build.0 = Debug|x64
		{EE816E51-7532-4D00-AD84-6B25734BAB34}.Debug|x86.ActiveCfg = Debug|Win32
		{EE816E51-7532-4D00-AD84-6B25734BAB34}.Debug|x86.Build.0 = Debug|Win32
		{EE816E51-7532-4D00-AD84-6B25734BAB34}.Release|x64.ActiveCfg = Release|x64
		{EE816E51-7532-4D00-AD84-6B25734BAB34}.Release|x64.Build.0 = Release|x64
		{EE816E51-7532-4D00-AD84-6B25734BAB34}.Release|x86.ActiveCfg = Release|Win32
		{EE816E51-7532-4D00-AD84-6B25734BAB34}.Release|x86.Build.0 = Release|Win32
	EndGlobalSection
	GlobalSection(SolutionProperties) = preSolution
		HideSolutionNode = FALSE
	EndGlobalSection
	GlobalSection(ExtensibilityGlobals) = postSolution
		SolutionGuid = {6C2BFF58-92F0-4CFE-9865-A8BDF0ECAA6E}
	EndGlobalSection
EndGlobal
