
Microsoft Visual Studio Solution File, Format Version 12.00
# Visual Studio 15
VisualStudioVersion = 15.0.28307.1525
MinimumVisualStudioVersion = 10.0.40219.1
Project("{8BC9CEB8-8B4A-11D0-8D11-00A0C91BC942}") = "test_2021.7.8", "test_2021.7.8\test_2021.7.8.vcxproj", "{82DAA76D-A1B5-45E6-9123-2481CDA36299}"
EndProject
Global
	GlobalSection(SolutionConfigurationPlatforms) = preSolution
		Debug|x64 = Debug|x64
		Debug|x86 = Debug|x86
		Release|x64 = Release|x64
		Release|x86 = Release|x86
	EndGlobalSection
	GlobalSection(ProjectConfigurationPlatforms) = postSolution
		{82DAA76D-A1B5-45E6-9123-2481CDA36299}.Debug|x64.ActiveCfg = Debug|x64
		{82DAA76D-A1B5-45E6-9123-2481CDA36299}.Debug|x64.Build.0 = Debug|x64
		{82DAA76D-A1B5-45E6-9123-2481CDA36299}.Debug|x86.ActiveCfg = Debug|Win32
		{82DAA76D-A1B5-45E6-9123-2481CDA36299}.Debug|x86.Build.0 = Debug|Win32
		{82DAA76D-A1B5-45E6-9123-2481CDA36299}.Release|x64.ActiveCfg = Release|x64
		{82DAA76D-A1B5-45E6-9123-2481CDA36299}.Release|x64.Build.0 = Release|x64
		{82DAA76D-A1B5-45E6-9123-2481CDA36299}.Release|x86.ActiveCfg = Release|Win32
		{82DAA76D-A1B5-45E6-9123-2481CDA36299}.Release|x86.Build.0 = Release|Win32
	EndGlobalSection
	GlobalSection(SolutionProperties) = preSolution
		HideSolutionNode = FALSE
	EndGlobalSection
	GlobalSection(ExtensibilityGlobals) = postSolution
		SolutionGuid = {D2E4F20F-6457-4F6B-A1CF-31761717967A}
	EndGlobalSection
EndGlobal
